
Microsoft Visual Studio Solution File, Format Version 12.00
# Visual Studio Version 17
VisualStudioVersion = 17.7.34024.191
MinimumVisualStudioVersion = 10.0.40219.1
Project("{FAE04EC0-301F-11D3-BF4B-00C04F79EFBC}") = "voti", "voti\voti.csproj", "{A10C192E-0C6A-4BFA-813D-B1A246F54082}"
EndProject
Global
	GlobalSection(SolutionConfigurationPlatforms) = preSolution
		Debug|Any CPU = Debug|Any CPU
		Release|Any CPU = Release|Any CPU
	EndGlobalSection
	GlobalSection(ProjectConfigurationPlatforms) = postSolution
		{A10C192E-0C6A-4BFA-813D-B1A246F54082}.Debug|Any CPU.ActiveCfg = Debug|Any CPU
		{A10C192E-0C6A-4BFA-813D-B1A246F54082}.Debug|Any CPU.Build.0 = Debug|Any CPU
		{A10C192E-0C6A-4BFA-813D-B1A246F54082}.Release|Any CPU.ActiveCfg = Release|Any CPU
		{A10C192E-0C6A-4BFA-813D-B1A246F54082}.Release|Any CPU.Build.0 = Release|Any CPU
	EndGlobalSection
	GlobalSection(SolutionProperties) = preSolution
		HideSolutionNode = FALSE
	EndGlobalSection
	GlobalSection(ExtensibilityGlobals) = postSolution
		SolutionGuid = {525FDE05-77A4-4CFD-B461-BD3DE071F585}
	EndGlobalSection
EndGlobal
