
Microsoft Visual Studio Solution File, Format Version 12.00
# Visual Studio Version 17
VisualStudioVersion = 17.7.34024.191
MinimumVisualStudioVersion = 10.0.40219.1
Project("{FAE04EC0-301F-11D3-BF4B-00C04F79EFBC}") = "2 - csharp - acchiappa il bottone v1", "2 - csharp - acchiappa il bottone v1\2 - csharp - acchiappa il bottone v1.csproj", "{BEDF3A1B-F811-4DD9-9D2F-CD8BBF75796D}"
EndProject
Global
	GlobalSection(SolutionConfigurationPlatforms) = preSolution
		Debug|Any CPU = Debug|Any CPU
		Release|Any CPU = Release|Any CPU
	EndGlobalSection
	GlobalSection(ProjectConfigurationPlatforms) = postSolution
		{BEDF3A1B-F811-4DD9-9D2F-CD8BBF75796D}.Debug|Any CPU.ActiveCfg = Debug|Any CPU
		{BEDF3A1B-F811-4DD9-9D2F-CD8BBF75796D}.Debug|Any CPU.Build.0 = Debug|Any CPU
		{BEDF3A1B-F811-4DD9-9D2F-CD8BBF75796D}.Release|Any CPU.ActiveCfg = Release|Any CPU
		{BEDF3A1B-F811-4DD9-9D2F-CD8BBF75796D}.Release|Any CPU.Build.0 = Release|Any CPU
	EndGlobalSection
	GlobalSection(SolutionProperties) = preSolution
		HideSolutionNode = FALSE
	EndGlobalSection
	GlobalSection(ExtensibilityGlobals) = postSolution
		SolutionGuid = {D202CD2D-C4C5-4B2B-928C-A73C533E5380}
	EndGlobalSection
EndGlobal
